// !$*UTF8*$!
{
	archiveVersion = 1;
	classes = {
	};
	objectVersion = 56;
	objects = {

/* Begin PBXBuildFile section */
		C54F09F329E7EB06007998AE /* NetworkManager.swift in Sources */ = {isa = PBXBuildFile; fileRef = C54F09F229E7EB06007998AE /* NetworkManager.swift */; };
		C54F09F729E7ECFD007998AE /* URLS.swift in Sources */ = {isa = PBXBuildFile; fileRef = C54F09F629E7ECFD007998AE /* URLS.swift */; };
		C54F09F929E7ED28007998AE /* TrandingMovie.swift in Sources */ = {isa = PBXBuildFile; fileRef = C54F09F829E7ED28007998AE /* TrandingMovie.swift */; };
		C54F09FC29E7ED45007998AE /* TrendingSerial.swift in Sources */ = {isa = PBXBuildFile; fileRef = C54F09FB29E7ED45007998AE /* TrendingSerial.swift */; };
		C5840FA129E7EA1800C77D56 /* AppDelegate.swift in Sources */ = {isa = PBXBuildFile; fileRef = C5840FA029E7EA1800C77D56 /* AppDelegate.swift */; };
		C5840FA329E7EA1800C77D56 /* SceneDelegate.swift in Sources */ = {isa = PBXBuildFile; fileRef = C5840FA229E7EA1800C77D56 /* SceneDelegate.swift */; };
		C5840FA529E7EA1800C77D56 /* ViewController.swift in Sources */ = {isa = PBXBuildFile; fileRef = C5840FA429E7EA1800C77D56 /* ViewController.swift */; };
		C5840FA829E7EA1800C77D56 /* Main.storyboard in Resources */ = {isa = PBXBuildFile; fileRef = C5840FA629E7EA1800C77D56 /* Main.storyboard */; };
		C5840FAB29E7EA1800C77D56 /* MovieDB_App.xcdatamodeld in Sources */ = {isa = PBXBuildFile; fileRef = C5840FA929E7EA1800C77D56 /* MovieDB_App.xcdatamodeld */; };
		C5840FAD29E7EA1A00C77D56 /* Assets.xcassets in Resources */ = {isa = PBXBuildFile; fileRef = C5840FAC29E7EA1A00C77D56 /* Assets.xcassets */; };
		C5840FB029E7EA1A00C77D56 /* LaunchScreen.storyboard in Resources */ = {isa = PBXBuildFile; fileRef = C5840FAE29E7EA1A00C77D56 /* LaunchScreen.storyboard */; };
		C5840FB929E7EA4800C77D56 /* Alamofire in Frameworks */ = {isa = PBXBuildFile; productRef = C5840FB829E7EA4800C77D56 /* Alamofire */; };
/* End PBXBuildFile section */

/* Begin PBXFileReference section */
		C54F09F229E7EB06007998AE /* NetworkManager.swift */ = {isa = PBXFileReference; lastKnownFileType = sourcecode.swift; path = NetworkManager.swift; sourceTree = "<group>"; };
		C54F09F629E7ECFD007998AE /* URLS.swift */ = {isa = PBXFileReference; lastKnownFileType = sourcecode.swift; path = URLS.swift; sourceTree = "<group>"; };
		C54F09F829E7ED28007998AE /* TrandingMovie.swift */ = {isa = PBXFileReference; lastKnownFileType = sourcecode.swift; path = TrandingMovie.swift; sourceTree = "<group>"; };
		C54F09FB29E7ED45007998AE /* TrendingSerial.swift */ = {isa = PBXFileReference; lastKnownFileType = sourcecode.swift; path = TrendingSerial.swift; sourceTree = "<group>"; };
		C5840F9D29E7EA1800C77D56 /* MovieDB App.app */ = {isa = PBXFileReference; explicitFileType = wrapper.application; includeInIndex = 0; path = "MovieDB App.app"; sourceTree = BUILT_PRODUCTS_DIR; };
		C5840FA029E7EA1800C77D56 /* AppDelegate.swift */ = {isa = PBXFileReference; lastKnownFileType = sourcecode.swift; path = AppDelegate.swift; sourceTree = "<group>"; };
		C5840FA229E7EA1800C77D56 /* SceneDelegate.swift */ = {isa = PBXFileReference; lastKnownFileType = sourcecode.swift; path = SceneDelegate.swift; sourceTree = "<group>"; };
		C5840FA429E7EA1800C77D56 /* ViewController.swift */ = {isa = PBXFileReference; lastKnownFileType = sourcecode.swift; path = ViewController.swift; sourceTree = "<group>"; };
		C5840FA729E7EA1800C77D56 /* Base */ = {isa = PBXFileReference; lastKnownFileType = file.storyboard; name = Base; path = Base.lproj/Main.storyboard; sourceTree = "<group>"; };
		C5840FAA29E7EA1800C77D56 /* MovieDB_App.xcdatamodel */ = {isa = PBXFileReference; lastKnownFileType = wrapper.xcdatamodel; path = MovieDB_App.xcdatamodel; sourceTree = "<group>"; };
		C5840FAC29E7EA1A00C77D56 /* Assets.xcassets */ = {isa = PBXFileReference; lastKnownFileType = folder.assetcatalog; path = Assets.xcassets; sourceTree = "<group>"; };
		C5840FAF29E7EA1A00C77D56 /* Base */ = {isa = PBXFileReference; lastKnownFileType = file.storyboard; name = Base; path = Base.lproj/LaunchScreen.storyboard; sourceTree = "<group>"; };
		C5840FB129E7EA1A00C77D56 /* Info.plist */ = {isa = PBXFileReference; lastKnownFileType = text.plist.xml; path = Info.plist; sourceTree = "<group>"; };
/* End PBXFileReference section */

/* Begin PBXFrameworksBuildPhase section */
		C5840F9A29E7EA1800C77D56 /* Frameworks */ = {
			isa = PBXFrameworksBuildPhase;
			buildActionMask = 2147483647;
			files = (
				C5840FB929E7EA4800C77D56 /* Alamofire in Frameworks */,
			);
			runOnlyForDeploymentPostprocessing = 0;
		};
/* End PBXFrameworksBuildPhase section */

/* Begin PBXGroup section */
		C54F09F429E7ECDE007998AE /* Managers */ = {
			isa = PBXGroup;
			children = (
				C54F09F229E7EB06007998AE /* NetworkManager.swift */,
			);
			path = Managers;
			sourceTree = "<group>";
		};
		C54F09F529E7ECF4007998AE /* Resources */ = {
			isa = PBXGroup;
			children = (
				C5840FAC29E7EA1A00C77D56 /* Assets.xcassets */,
				C54F09F629E7ECFD007998AE /* URLS.swift */,
			);
			path = Resources;
			sourceTree = "<group>";
		};
		C54F09FA29E7ED34007998AE /* Models */ = {
			isa = PBXGroup;
			children = (
				C54F09F829E7ED28007998AE /* TrandingMovie.swift */,
				C54F09FB29E7ED45007998AE /* TrendingSerial.swift */,
			);
			path = Models;
			sourceTree = "<group>";
		};
		C5840F9429E7EA1800C77D56 = {
			isa = PBXGroup;
			children = (
				C5840F9F29E7EA1800C77D56 /* MovieDB App */,
				C5840F9E29E7EA1800C77D56 /* Products */,
			);
			sourceTree = "<group>";
		};
		C5840F9E29E7EA1800C77D56 /* Products */ = {
			isa = PBXGroup;
			children = (
				C5840F9D29E7EA1800C77D56 /* MovieDB App.app */,
			);
			name = Products;
			sourceTree = "<group>";
		};
		C5840F9F29E7EA1800C77D56 /* MovieDB App */ = {
			isa = PBXGroup;
			children = (
				C5840FA029E7EA1800C77D56 /* AppDelegate.swift */,
				C54F09F429E7ECDE007998AE /* Managers */,
				C5840FA229E7EA1800C77D56 /* SceneDelegate.swift */,
				C54F09FA29E7ED34007998AE /* Models */,
				C5840FA429E7EA1800C77D56 /* ViewController.swift */,
				C5840FA629E7EA1800C77D56 /* Main.storyboard */,
				C54F09F529E7ECF4007998AE /* Resources */,
				C5840FAE29E7EA1A00C77D56 /* LaunchScreen.storyboard */,
				C5840FB129E7EA1A00C77D56 /* Info.plist */,
				C5840FA929E7EA1800C77D56 /* MovieDB_App.xcdatamodeld */,
			);
			path = "MovieDB App";
			sourceTree = "<group>";
		};
/* End PBXGroup section */

/* Begin PBXNativeTarget section */
		C5840F9C29E7EA1800C77D56 /* MovieDB App */ = {
			isa = PBXNativeTarget;
			buildConfigurationList = C5840FB429E7EA1A00C77D56 /* Build configuration list for PBXNativeTarget "MovieDB App" */;
			buildPhases = (
				C5840F9929E7EA1800C77D56 /* Sources */,
				C5840F9A29E7EA1800C77D56 /* Frameworks */,
				C5840F9B29E7EA1800C77D56 /* Resources */,
			);
			buildRules = (
			);
			dependencies = (
			);
			name = "MovieDB App";
			packageProductDependencies = (
				C5840FB829E7EA4800C77D56 /* Alamofire */,
			);
			productName = "MovieDB App";
			productReference = C5840F9D29E7EA1800C77D56 /* MovieDB App.app */;
			productType = "com.apple.product-type.application";
		};
/* End PBXNativeTarget section */

/* Begin PBXProject section */
		C5840F9529E7EA1800C77D56 /* Project object */ = {
			isa = PBXProject;
			attributes = {
				BuildIndependentTargetsInParallel = 1;
				LastSwiftUpdateCheck = 1410;
				LastUpgradeCheck = 1410;
				TargetAttributes = {
					C5840F9C29E7EA1800C77D56 = {
						CreatedOnToolsVersion = 14.1;
					};
				};
			};
			buildConfigurationList = C5840F9829E7EA1800C77D56 /* Build configuration list for PBXProject "MovieDB App" */;
			compatibilityVersion = "Xcode 14.0";
			developmentRegion = en;
			hasScannedForEncodings = 0;
			knownRegions = (
				en,
				Base,
			);
			mainGroup = C5840F9429E7EA1800C77D56;
			packageReferences = (
				C5840FB729E7EA4800C77D56 /* XCRemoteSwiftPackageReference "Alamofire" */,
			);
			productRefGroup = C5840F9E29E7EA1800C77D56 /* Products */;
			projectDirPath = "";
			projectRoot = "";
			targets = (
				C5840F9C29E7EA1800C77D56 /* MovieDB App */,
			);
		};
/* End PBXProject section */

/* Begin PBXResourcesBuildPhase section */
		C5840F9B29E7EA1800C77D56 /* Resources */ = {
			isa = PBXResourcesBuildPhase;
			buildActionMask = 2147483647;
			files = (
				C5840FB029E7EA1A00C77D56 /* LaunchScreen.storyboard in Resources */,
				C5840FAD29E7EA1A00C77D56 /* Assets.xcassets in Resources */,
				C5840FA829E7EA1800C77D56 /* Main.storyboard in Resources */,
			);
			runOnlyForDeploymentPostprocessing = 0;
		};
/* End PBXResourcesBuildPhase section */

/* Begin PBXSourcesBuildPhase section */
		C5840F9929E7EA1800C77D56 /* Sources */ = {
			isa = PBXSourcesBuildPhase;
			buildActionMask = 2147483647;
			files = (
				C5840FA529E7EA1800C77D56 /* ViewController.swift in Sources */,
				C54F09F729E7ECFD007998AE /* URLS.swift in Sources */,
				C54F09FC29E7ED45007998AE /* TrendingSerial.swift in Sources */,
				C5840FA129E7EA1800C77D56 /* AppDelegate.swift in Sources */,
				C54F09F329E7EB06007998AE /* NetworkManager.swift in Sources */,
				C5840FAB29E7EA1800C77D56 /* MovieDB_App.xcdatamodeld in Sources */,
				C5840FA329E7EA1800C77D56 /* SceneDelegate.swift in Sources */,
				C54F09F929E7ED28007998AE /* TrandingMovie.swift in Sources */,
			);
			runOnlyForDeploymentPostprocessing = 0;
		};
/* End PBXSourcesBuildPhase section */

/* Begin PBXVariantGroup section */
		C5840FA629E7EA1800C77D56 /* Main.storyboard */ = {
			isa = PBXVariantGroup;
			children = (
				C5840FA729E7EA1800C77D56 /* Base */,
			);
			name = Main.storyboard;
			sourceTree = "<group>";
		};
		C5840FAE29E7EA1A00C77D56 /* LaunchScreen.storyboard */ = {
			isa = PBXVariantGroup;
			children = (
				C5840FAF29E7EA1A00C77D56 /* Base */,
			);
			name = LaunchScreen.storyboard;
			sourceTree = "<group>";
		};
/* End PBXVariantGroup section */

/* Begin XCBuildConfiguration section */
		C5840FB229E7EA1A00C77D56 /* Debug */ = {
			isa = XCBuildConfiguration;
			buildSettings = {
				ALWAYS_SEARCH_USER_PATHS = NO;
				CLANG_ANALYZER_NONNULL = YES;
				CLANG_ANALYZER_NUMBER_OBJECT_CONVERSION = YES_AGGRESSIVE;
				CLANG_CXX_LANGUAGE_STANDARD = "gnu++20";
				CLANG_ENABLE_MODULES = YES;
				CLANG_ENABLE_OBJC_ARC = YES;
				CLANG_ENABLE_OBJC_WEAK = YES;
				CLANG_WARN_BLOCK_CAPTURE_AUTORELEASING = YES;
				CLANG_WARN_BOOL_CONVERSION = YES;
				CLANG_WARN_COMMA = YES;
				CLANG_WARN_CONSTANT_CONVERSION = YES;
				CLANG_WARN_DEPRECATED_OBJC_IMPLEMENTATIONS = YES;
				CLANG_WARN_DIRECT_OBJC_ISA_USAGE = YES_ERROR;
				CLANG_WARN_DOCUMENTATION_COMMENTS = YES;
				CLANG_WARN_EMPTY_BODY = YES;
				CLANG_WARN_ENUM_CONVERSION = YES;
				CLANG_WARN_INFINITE_RECURSION = YES;
				CLANG_WARN_INT_CONVERSION = YES;
				CLANG_WARN_NON_LITERAL_NULL_CONVERSION = YES;
				CLANG_WARN_OBJC_IMPLICIT_RETAIN_SELF = YES;
				CLANG_WARN_OBJC_LITERAL_CONVERSION = YES;
				CLANG_WARN_OBJC_ROOT_CLASS = YES_ERROR;
				CLANG_WARN_QUOTED_INCLUDE_IN_FRAMEWORK_HEADER = YES;
				CLANG_WARN_RANGE_LOOP_ANALYSIS = YES;
				CLANG_WARN_STRICT_PROTOTYPES = YES;
				CLANG_WARN_SUSPICIOUS_MOVE = YES;
				CLANG_WARN_UNGUARDED_AVAILABILITY = YES_AGGRESSIVE;
				CLANG_WARN_UNREACHABLE_CODE = YES;
				CLANG_WARN__DUPLICATE_METHOD_MATCH = YES;
				COPY_PHASE_STRIP = NO;
				DEBUG_INFORMATION_FORMAT = dwarf;
				ENABLE_STRICT_OBJC_MSGSEND = YES;
				ENABLE_TESTABILITY = YES;
				GCC_C_LANGUAGE_STANDARD = gnu11;
				GCC_DYNAMIC_NO_PIC = NO;
				GCC_NO_COMMON_BLOCKS = YES;
				GCC_OPTIMIZATION_LEVEL = 0;
				GCC_PREPROCESSOR_DEFINITIONS = (
					"DEBUG=1",
					"$(inherited)",
				);
				GCC_WARN_64_TO_32_BIT_CONVERSION = YES;
				GCC_WARN_ABOUT_RETURN_TYPE = YES_ERROR;
				GCC_WARN_UNDECLARED_SELECTOR = YES;
				GCC_WARN_UNINITIALIZED_AUTOS = YES_AGGRESSIVE;
				GCC_WARN_UNUSED_FUNCTION = YES;
				GCC_WARN_UNUSED_VARIABLE = YES;
				IPHONEOS_DEPLOYMENT_TARGET = 16.1;
				MTL_ENABLE_DEBUG_INFO = INCLUDE_SOURCE;
				MTL_FAST_MATH = YES;
				ONLY_ACTIVE_ARCH = YES;
				SDKROOT = iphoneos;
				SWIFT_ACTIVE_COMPILATION_CONDITIONS = DEBUG;
				SWIFT_OPTIMIZATION_LEVEL = "-Onone";
			};
			name = Debug;
		};
		C5840FB329E7EA1A00C77D56 /* Release */ = {
			isa = XCBuildConfiguration;
			buildSettings = {
				ALWAYS_SEARCH_USER_PATHS = NO;
				CLANG_ANALYZER_NONNULL = YES;
				CLANG_ANALYZER_NUMBER_OBJECT_CONVERSION = YES_AGGRESSIVE;
				CLANG_CXX_LANGUAGE_STANDARD = "gnu++20";
				CLANG_ENABLE_MODULES = YES;
				CLANG_ENABLE_OBJC_ARC = YES;
				CLANG_ENABLE_OBJC_WEAK = YES;
				CLANG_WARN_BLOCK_CAPTURE_AUTORELEASING = YES;
				CLANG_WARN_BOOL_CONVERSION = YES;
				CLANG_WARN_COMMA = YES;
				CLANG_WARN_CONSTANT_CONVERSION = YES;
				CLANG_WARN_DEPRECATED_OBJC_IMPLEMENTATIONS = YES;
				CLANG_WARN_DIRECT_OBJC_ISA_USAGE = YES_ERROR;
				CLANG_WARN_DOCUMENTATION_COMMENTS = YES;
				CLANG_WARN_EMPTY_BODY = YES;
				CLANG_WARN_ENUM_CONVERSION = YES;
				CLANG_WARN_INFINITE_RECURSION = YES;
				CLANG_WARN_INT_CONVERSION = YES;
				CLANG_WARN_NON_LITERAL_NULL_CONVERSION = YES;
				CLANG_WARN_OBJC_IMPLICIT_RETAIN_SELF = YES;
				CLANG_WARN_OBJC_LITERAL_CONVERSION = YES;
				CLANG_WARN_OBJC_ROOT_CLASS = YES_ERROR;
				CLANG_WARN_QUOTED_INCLUDE_IN_FRAMEWORK_HEADER = YES;
				CLANG_WARN_RANGE_LOOP_ANALYSIS = YES;
				CLANG_WARN_STRICT_PROTOTYPES = YES;
				CLANG_WARN_SUSPICIOUS_MOVE = YES;
				CLANG_WARN_UNGUARDED_AVAILABILITY = YES_AGGRESSIVE;
				CLANG_WARN_UNREACHABLE_CODE = YES;
				CLANG_WARN__DUPLICATE_METHOD_MATCH = YES;
				COPY_PHASE_STRIP = NO;
				DEBUG_INFORMATION_FORMAT = "dwarf-with-dsym";
				ENABLE_NS_ASSERTIONS = NO;
				ENABLE_STRICT_OBJC_MSGSEND = YES;
				GCC_C_LANGUAGE_STANDARD = gnu11;
				GCC_NO_COMMON_BLOCKS = YES;
				GCC_WARN_64_TO_32_BIT_CONVERSION = YES;
				GCC_WARN_ABOUT_RETURN_TYPE = YES_ERROR;
				GCC_WARN_UNDECLARED_SELECTOR = YES;
				GCC_WARN_UNINITIALIZED_AUTOS = YES_AGGRESSIVE;
				GCC_WARN_UNUSED_FUNCTION = YES;
				GCC_WARN_UNUSED_VARIABLE = YES;
				IPHONEOS_DEPLOYMENT_TARGET = 16.1;
				MTL_ENABLE_DEBUG_INFO = NO;
				MTL_FAST_MATH = YES;
				SDKROOT = iphoneos;
				SWIFT_COMPILATION_MODE = wholemodule;
				SWIFT_OPTIMIZATION_LEVEL = "-O";
				VALIDATE_PRODUCT = YES;
			};
			name = Release;
		};
		C5840FB529E7EA1A00C77D56 /* Debug */ = {
			isa = XCBuildConfiguration;
			buildSettings = {
				ASSETCATALOG_COMPILER_APPICON_NAME = AppIcon;
				ASSETCATALOG_COMPILER_GLOBAL_ACCENT_COLOR_NAME = AccentColor;
				CODE_SIGN_STYLE = Automatic;
				CURRENT_PROJECT_VERSION = 1;
				DEVELOPMENT_TEAM = 754D6797UK;
				GENERATE_INFOPLIST_FILE = YES;
				INFOPLIST_FILE = "MovieDB App/Info.plist";
				INFOPLIST_KEY_UIApplicationSupportsIndirectInputEvents = YES;
				INFOPLIST_KEY_UILaunchStoryboardName = LaunchScreen;
				INFOPLIST_KEY_UIMainStoryboardFile = Main;
				INFOPLIST_KEY_UISupportedInterfaceOrientations_iPad = "UIInterfaceOrientationPortrait UIInterfaceOrientationPortraitUpsideDown UIInterfaceOrientationLandscapeLeft UIInterfaceOrientationLandscapeRight";
				INFOPLIST_KEY_UISupportedInterfaceOrientations_iPhone = "UIInterfaceOrientationPortrait UIInterfaceOrientationLandscapeLeft UIInterfaceOrientationLandscapeRight";
				LD_RUNPATH_SEARCH_PATHS = (
					"$(inherited)",
					"@executable_path/Frameworks",
				);
				MARKETING_VERSION = 1.0;
				PRODUCT_BUNDLE_IDENTIFIER = "SergeiKudinov.MovieDB-App";
				PRODUCT_NAME = "$(TARGET_NAME)";
				SWIFT_EMIT_LOC_STRINGS = YES;
				SWIFT_VERSION = 5.0;
				TARGETED_DEVICE_FAMILY = "1,2";
			};
			name = Debug;
		};
		C5840FB629E7EA1A00C77D56 /* Release */ = {
			isa = XCBuildConfiguration;
			buildSettings = {
				ASSETCATALOG_COMPILER_APPICON_NAME = AppIcon;
				ASSETCATALOG_COMPILER_GLOBAL_ACCENT_COLOR_NAME = AccentColor;
				CODE_SIGN_STYLE = Automatic;
				CURRENT_PROJECT_VERSION = 1;
				DEVELOPMENT_TEAM = 754D6797UK;
				GENERATE_INFOPLIST_FILE = YES;
				INFOPLIST_FILE = "MovieDB App/Info.plist";
				INFOPLIST_KEY_UIApplicationSupportsIndirectInputEvents = YES;
				INFOPLIST_KEY_UILaunchStoryboardName = LaunchScreen;
				INFOPLIST_KEY_UIMainStoryboardFile = Main;
				INFOPLIST_KEY_UISupportedInterfaceOrientations_iPad = "UIInterfaceOrientationPortrait UIInterfaceOrientationPortraitUpsideDown UIInterfaceOrientationLandscapeLeft UIInterfaceOrientationLandscapeRight";
				INFOPLIST_KEY_UISupportedInterfaceOrientations_iPhone = "UIInterfaceOrientationPortrait UIInterfaceOrientationLandscapeLeft UIInterfaceOrientationLandscapeRight";
				LD_RUNPATH_SEARCH_PATHS = (
					"$(inherited)",
					"@executable_path/Frameworks",
				);
				MARKETING_VERSION = 1.0;
				PRODUCT_BUNDLE_IDENTIFIER = "SergeiKudinov.MovieDB-App";
				PRODUCT_NAME = "$(TARGET_NAME)";
				SWIFT_EMIT_LOC_STRINGS = YES;
				SWIFT_VERSION = 5.0;
				TARGETED_DEVICE_FAMILY = "1,2";
			};
			name = Release;
		};
/* End XCBuildConfiguration section */

/* Begin XCConfigurationList section */
		C5840F9829E7EA1800C77D56 /* Build configuration list for PBXProject "MovieDB App" */ = {
			isa = XCConfigurationList;
			buildConfigurations = (
				C5840FB229E7EA1A00C77D56 /* Debug */,
				C5840FB329E7EA1A00C77D56 /* Release */,
			);
			defaultConfigurationIsVisible = 0;
			defaultConfigurationName = Release;
		};
		C5840FB429E7EA1A00C77D56 /* Build configuration list for PBXNativeTarget "MovieDB App" */ = {
			isa = XCConfigurationList;
			buildConfigurations = (
				C5840FB529E7EA1A00C77D56 /* Debug */,
				C5840FB629E7EA1A00C77D56 /* Release */,
			);
			defaultConfigurationIsVisible = 0;
			defaultConfigurationName = Release;
		};
/* End XCConfigurationList section */

/* Begin XCRemoteSwiftPackageReference section */
		C5840FB729E7EA4800C77D56 /* XCRemoteSwiftPackageReference "Alamofire" */ = {
			isa = XCRemoteSwiftPackageReference;
			repositoryURL = "https://github.com/Alamofire/Alamofire";
			requirement = {
				branch = master;
				kind = branch;
			};
		};
/* End XCRemoteSwiftPackageReference section */

/* Begin XCSwiftPackageProductDependency section */
		C5840FB829E7EA4800C77D56 /* Alamofire */ = {
			isa = XCSwiftPackageProductDependency;
			package = C5840FB729E7EA4800C77D56 /* XCRemoteSwiftPackageReference "Alamofire" */;
			productName = Alamofire;
		};
/* End XCSwiftPackageProductDependency section */

/* Begin XCVersionGroup section */
		C5840FA929E7EA1800C77D56 /* MovieDB_App.xcdatamodeld */ = {
			isa = XCVersionGroup;
			children = (
				C5840FAA29E7EA1800C77D56 /* MovieDB_App.xcdatamodel */,
			);
			currentVersion = C5840FAA29E7EA1800C77D56 /* MovieDB_App.xcdatamodel */;
			path = MovieDB_App.xcdatamodeld;
			sourceTree = "<group>";
			versionGroupType = wrapper.xcdatamodel;
		};
/* End XCVersionGroup section */
	};
	rootObject = C5840F9529E7EA1800C77D56 /* Project object */;
}
